// !$*UTF8*$!
{
	archiveVersion = 1;
	classes = {
	};
	objectVersion = 46;
	objects = {

/* Begin PBXBuildFile section */
		D298CAF41DC97B35009BBEDA /* GeoFire.m in Sources */ = {isa = PBXBuildFile; fileRef = D298CAEB1DC97B35009BBEDA /* GeoFire.m */; };
		D298CAF51DC97B35009BBEDA /* GFBase32Utils.m in Sources */ = {isa = PBXBuildFile; fileRef = D298CAED1DC97B35009BBEDA /* GFBase32Utils.m */; };
		D298CAF61DC97B35009BBEDA /* GFGeoHash.m in Sources */ = {isa = PBXBuildFile; fileRef = D298CAEF1DC97B35009BBEDA /* GFGeoHash.m */; };
		D298CAF71DC97B35009BBEDA /* GFGeoHashQuery.m in Sources */ = {isa = PBXBuildFile; fileRef = D298CAF11DC97B35009BBEDA /* GFGeoHashQuery.m */; };
		D298CAF81DC97B35009BBEDA /* GFQuery.m in Sources */ = {isa = PBXBuildFile; fileRef = D298CAF31DC97B35009BBEDA /* GFQuery.m */; };
		D2A307A91DCADE6600012272 /* PokeAnnotation.swift in Sources */ = {isa = PBXBuildFile; fileRef = D2A307A81DCADE6600012272 /* PokeAnnotation.swift */; };
		D2FB32C61DC978820030E641 /* AppDelegate.swift in Sources */ = {isa = PBXBuildFile; fileRef = D2FB32C51DC978820030E641 /* AppDelegate.swift */; };
		D2FB32C81DC978820030E641 /* ViewController.swift in Sources */ = {isa = PBXBuildFile; fileRef = D2FB32C71DC978820030E641 /* ViewController.swift */; };
		D2FB32CB1DC978820030E641 /* Main.storyboard in Resources */ = {isa = PBXBuildFile; fileRef = D2FB32C91DC978820030E641 /* Main.storyboard */; };
		D2FB32CD1DC978820030E641 /* Assets.xcassets in Resources */ = {isa = PBXBuildFile; fileRef = D2FB32CC1DC978820030E641 /* Assets.xcassets */; };
		D2FB32D01DC978820030E641 /* LaunchScreen.storyboard in Resources */ = {isa = PBXBuildFile; fileRef = D2FB32CE1DC978820030E641 /* LaunchScreen.storyboard */; };
		D2FB32D81DC978960030E641 /* GoogleService-Info.plist in Resources */ = {isa = PBXBuildFile; fileRef = D2FB32D71DC978960030E641 /* GoogleService-Info.plist */; };
		E57685909FEC43A491F79827 /* Pods_PokeFind.framework in Frameworks */ = {isa = PBXBuildFile; fileRef = 655B500DD0C0B45FEA50DC8C /* Pods_PokeFind.framework */; };
/* End PBXBuildFile section */

/* Begin PBXFileReference section */
		655B500DD0C0B45FEA50DC8C /* Pods_PokeFind.framework */ = {isa = PBXFileReference; explicitFileType = wrapper.framework; includeInIndex = 0; path = Pods_PokeFind.framework; sourceTree = BUILT_PRODUCTS_DIR; };
		7F633404DDAB2A7A2D944CED /* Pods-PokeFind.debug.xcconfig */ = {isa = PBXFileReference; includeInIndex = 1; lastKnownFileType = text.xcconfig; name = "Pods-PokeFind.debug.xcconfig"; path = "Pods/Target Support Files/Pods-PokeFind/Pods-PokeFind.debug.xcconfig"; sourceTree = "<group>"; };
		B50C002291F2E54E8B3AE7B8 /* Pods-PokeFind.release.xcconfig */ = {isa = PBXFileReference; includeInIndex = 1; lastKnownFileType = text.xcconfig; name = "Pods-PokeFind.release.xcconfig"; path = "Pods/Target Support Files/Pods-PokeFind/Pods-PokeFind.release.xcconfig"; sourceTree = "<group>"; };
		D298CAE41DC97B35009BBEDA /* GeoFire.h */ = {isa = PBXFileReference; fileEncoding = 4; lastKnownFileType = sourcecode.c.h; path = GeoFire.h; sourceTree = "<group>"; };
		D298CAE51DC97B35009BBEDA /* GFCircleQuery.h */ = {isa = PBXFileReference; fileEncoding = 4; lastKnownFileType = sourcecode.c.h; path = GFCircleQuery.h; sourceTree = "<group>"; };
		D298CAE61DC97B35009BBEDA /* GFQuery.h */ = {isa = PBXFileReference; fileEncoding = 4; lastKnownFileType = sourcecode.c.h; path = GFQuery.h; sourceTree = "<group>"; };
		D298CAE71DC97B35009BBEDA /* GFRegionQuery.h */ = {isa = PBXFileReference; fileEncoding = 4; lastKnownFileType = sourcecode.c.h; path = GFRegionQuery.h; sourceTree = "<group>"; };
		D298CAE81DC97B35009BBEDA /* GeoFire-Prefix.pch */ = {isa = PBXFileReference; fileEncoding = 4; lastKnownFileType = sourcecode.c.h; path = "GeoFire-Prefix.pch"; sourceTree = "<group>"; };
		D298CAEA1DC97B35009BBEDA /* GeoFire+Private.h */ = {isa = PBXFileReference; fileEncoding = 4; lastKnownFileType = sourcecode.c.h; path = "GeoFire+Private.h"; sourceTree = "<group>"; };
		D298CAEB1DC97B35009BBEDA /* GeoFire.m */ = {isa = PBXFileReference; fileEncoding = 4; lastKnownFileType = sourcecode.c.objc; path = GeoFire.m; sourceTree = "<group>"; };
		D298CAEC1DC97B35009BBEDA /* GFBase32Utils.h */ = {isa = PBXFileReference; fileEncoding = 4; lastKnownFileType = sourcecode.c.h; path = GFBase32Utils.h; sourceTree = "<group>"; };
		D298CAED1DC97B35009BBEDA /* GFBase32Utils.m */ = {isa = PBXFileReference; fileEncoding = 4; lastKnownFileType = sourcecode.c.objc; path = GFBase32Utils.m; sourceTree = "<group>"; };
		D298CAEE1DC97B35009BBEDA /* GFGeoHash.h */ = {isa = PBXFileReference; fileEncoding = 4; lastKnownFileType = sourcecode.c.h; path = GFGeoHash.h; sourceTree = "<group>"; };
		D298CAEF1DC97B35009BBEDA /* GFGeoHash.m */ = {isa = PBXFileReference; fileEncoding = 4; lastKnownFileType = sourcecode.c.objc; path = GFGeoHash.m; sourceTree = "<group>"; };
		D298CAF01DC97B35009BBEDA /* GFGeoHashQuery.h */ = {isa = PBXFileReference; fileEncoding = 4; lastKnownFileType = sourcecode.c.h; path = GFGeoHashQuery.h; sourceTree = "<group>"; };
		D298CAF11DC97B35009BBEDA /* GFGeoHashQuery.m */ = {isa = PBXFileReference; fileEncoding = 4; lastKnownFileType = sourcecode.c.objc; path = GFGeoHashQuery.m; sourceTree = "<group>"; };
		D298CAF21DC97B35009BBEDA /* GFQuery+Private.h */ = {isa = PBXFileReference; fileEncoding = 4; lastKnownFileType = sourcecode.c.h; path = "GFQuery+Private.h"; sourceTree = "<group>"; };
		D298CAF31DC97B35009BBEDA /* GFQuery.m */ = {isa = PBXFileReference; fileEncoding = 4; lastKnownFileType = sourcecode.c.objc; path = GFQuery.m; sourceTree = "<group>"; };
		D298CB011DC97BF4009BBEDA /* PokeFinder-Brdiging-Header.h */ = {isa = PBXFileReference; fileEncoding = 4; lastKnownFileType = sourcecode.c.h; path = "PokeFinder-Brdiging-Header.h"; sourceTree = "<group>"; };
		D2A307A81DCADE6600012272 /* PokeAnnotation.swift */ = {isa = PBXFileReference; fileEncoding = 4; lastKnownFileType = sourcecode.swift; path = PokeAnnotation.swift; sourceTree = "<group>"; };
		D2FB32C21DC978820030E641 /* PokeFind.app */ = {isa = PBXFileReference; explicitFileType = wrapper.application; includeInIndex = 0; path = PokeFind.app; sourceTree = BUILT_PRODUCTS_DIR; };
		D2FB32C51DC978820030E641 /* AppDelegate.swift */ = {isa = PBXFileReference; lastKnownFileType = sourcecode.swift; path = AppDelegate.swift; sourceTree = "<group>"; };
		D2FB32C71DC978820030E641 /* ViewController.swift */ = {isa = PBXFileReference; lastKnownFileType = sourcecode.swift; path = ViewController.swift; sourceTree = "<group>"; };
		D2FB32CA1DC978820030E641 /* Base */ = {isa = PBXFileReference; lastKnownFileType = file.storyboard; name = Base; path = Base.lproj/Main.storyboard; sourceTree = "<group>"; };
		D2FB32CC1DC978820030E641 /* Assets.xcassets */ = {isa = PBXFileReference; lastKnownFileType = folder.assetcatalog; path = Assets.xcassets; sourceTree = "<group>"; };
		D2FB32CF1DC978820030E641 /* Base */ = {isa = PBXFileReference; lastKnownFileType = file.storyboard; name = Base; path = Base.lproj/LaunchScreen.storyboard; sourceTree = "<group>"; };
		D2FB32D11DC978820030E641 /* Info.plist */ = {isa = PBXFileReference; lastKnownFileType = text.plist.xml; path = Info.plist; sourceTree = "<group>"; };
		D2FB32D71DC978960030E641 /* GoogleService-Info.plist */ = {isa = PBXFileReference; fileEncoding = 4; lastKnownFileType = text.plist.xml; path = "GoogleService-Info.plist"; sourceTree = "<group>"; };
/* End PBXFileReference section */

/* Begin PBXFrameworksBuildPhase section */
		D2FB32BF1DC978820030E641 /* Frameworks */ = {
			isa = PBXFrameworksBuildPhase;
			buildActionMask = 2147483647;
			files = (
				E57685909FEC43A491F79827 /* Pods_PokeFind.framework in Frameworks */,
			);
			runOnlyForDeploymentPostprocessing = 0;
		};
/* End PBXFrameworksBuildPhase section */

/* Begin PBXGroup section */
		1C0A5FB78028F1FA22B63FA8 /* Pods */ = {
			isa = PBXGroup;
			children = (
				7F633404DDAB2A7A2D944CED /* Pods-PokeFind.debug.xcconfig */,
				B50C002291F2E54E8B3AE7B8 /* Pods-PokeFind.release.xcconfig */,
			);
			name = Pods;
			sourceTree = "<group>";
		};
		41732C35596BA2FBC61B54D7 /* Frameworks */ = {
			isa = PBXGroup;
			children = (
				655B500DD0C0B45FEA50DC8C /* Pods_PokeFind.framework */,
			);
			name = Frameworks;
			sourceTree = "<group>";
		};
		D298CAE21DC97B35009BBEDA /* GeoFire */ = {
			isa = PBXGroup;
			children = (
				D298CAE31DC97B35009BBEDA /* API */,
				D298CAE81DC97B35009BBEDA /* GeoFire-Prefix.pch */,
				D298CAE91DC97B35009BBEDA /* Implementation */,
			);
			path = GeoFire;
			sourceTree = "<group>";
		};
		D298CAE31DC97B35009BBEDA /* API */ = {
			isa = PBXGroup;
			children = (
				D298CAE41DC97B35009BBEDA /* GeoFire.h */,
				D298CAE51DC97B35009BBEDA /* GFCircleQuery.h */,
				D298CAE61DC97B35009BBEDA /* GFQuery.h */,
				D298CAE71DC97B35009BBEDA /* GFRegionQuery.h */,
			);
			path = API;
			sourceTree = "<group>";
		};
		D298CAE91DC97B35009BBEDA /* Implementation */ = {
			isa = PBXGroup;
			children = (
				D298CAEA1DC97B35009BBEDA /* GeoFire+Private.h */,
				D298CAEB1DC97B35009BBEDA /* GeoFire.m */,
				D298CAEC1DC97B35009BBEDA /* GFBase32Utils.h */,
				D298CAED1DC97B35009BBEDA /* GFBase32Utils.m */,
				D298CAEE1DC97B35009BBEDA /* GFGeoHash.h */,
				D298CAEF1DC97B35009BBEDA /* GFGeoHash.m */,
				D298CAF01DC97B35009BBEDA /* GFGeoHashQuery.h */,
				D298CAF11DC97B35009BBEDA /* GFGeoHashQuery.m */,
				D298CAF21DC97B35009BBEDA /* GFQuery+Private.h */,
				D298CAF31DC97B35009BBEDA /* GFQuery.m */,
			);
			path = Implementation;
			sourceTree = "<group>";
		};
		D2A307A61DCADE0A00012272 /* Controller */ = {
			isa = PBXGroup;
			children = (
				D2FB32C71DC978820030E641 /* ViewController.swift */,
			);
			name = Controller;
			sourceTree = "<group>";
		};
		D2A307A71DCADE1100012272 /* Model */ = {
			isa = PBXGroup;
			children = (
				D2A307A81DCADE6600012272 /* PokeAnnotation.swift */,
			);
			name = Model;
			sourceTree = "<group>";
		};
		D2FB32B91DC978820030E641 = {
			isa = PBXGroup;
			children = (
				D2FB32C41DC978820030E641 /* PokeFind */,
				D2FB32C31DC978820030E641 /* Products */,
				1C0A5FB78028F1FA22B63FA8 /* Pods */,
				41732C35596BA2FBC61B54D7 /* Frameworks */,
			);
			sourceTree = "<group>";
		};
		D2FB32C31DC978820030E641 /* Products */ = {
			isa = PBXGroup;
			children = (
				D2FB32C21DC978820030E641 /* PokeFind.app */,
			);
			name = Products;
			sourceTree = "<group>";
		};
		D2FB32C41DC978820030E641 /* PokeFind */ = {
			isa = PBXGroup;
			children = (
				D2A307A71DCADE1100012272 /* Model */,
				D2A307A61DCADE0A00012272 /* Controller */,
				D2FB32C51DC978820030E641 /* AppDelegate.swift */,
				D298CAE21DC97B35009BBEDA /* GeoFire */,
				D2FB32CC1DC978820030E641 /* Assets.xcassets */,
				D2FB32CE1DC978820030E641 /* LaunchScreen.storyboard */,
				D2FB32C91DC978820030E641 /* Main.storyboard */,
				D298CB011DC97BF4009BBEDA /* PokeFinder-Brdiging-Header.h */,
				D2FB32D11DC978820030E641 /* Info.plist */,
				D2FB32D71DC978960030E641 /* GoogleService-Info.plist */,
			);
			path = PokeFind;
			sourceTree = "<group>";
		};
/* End PBXGroup section */

/* Begin PBXNativeTarget section */
		D2FB32C11DC978820030E641 /* PokeFind */ = {
			isa = PBXNativeTarget;
			buildConfigurationList = D2FB32D41DC978820030E641 /* Build configuration list for PBXNativeTarget "PokeFind" */;
			buildPhases = (
				531DE4D67095C20767D38F5B /* [CP] Check Pods Manifest.lock */,
				D2FB32BE1DC978820030E641 /* Sources */,
				D2FB32BF1DC978820030E641 /* Frameworks */,
				D2FB32C01DC978820030E641 /* Resources */,
				CB0262A43B7FCDBE3018DDA6 /* [CP] Embed Pods Frameworks */,
				016A929B2F16E4A635A786AB /* [CP] Copy Pods Resources */,
			);
			buildRules = (
			);
			dependencies = (
			);
			name = PokeFind;
			productName = PokeFind;
			productReference = D2FB32C21DC978820030E641 /* PokeFind.app */;
			productType = "com.apple.product-type.application";
		};
/* End PBXNativeTarget section */

/* Begin PBXProject section */
		D2FB32BA1DC978820030E641 /* Project object */ = {
			isa = PBXProject;
			attributes = {
				LastSwiftUpdateCheck = 0800;
				LastUpgradeCheck = 0800;
				ORGANIZATIONNAME = "Tassilo von Gerlach";
				TargetAttributes = {
					D2FB32C11DC978820030E641 = {
						CreatedOnToolsVersion = 8.0;
						DevelopmentTeam = PMJPZ62L4B;
						ProvisioningStyle = Automatic;
					};
				};
			};
			buildConfigurationList = D2FB32BD1DC978820030E641 /* Build configuration list for PBXProject "PokeFind" */;
			compatibilityVersion = "Xcode 3.2";
			developmentRegion = English;
			hasScannedForEncodings = 0;
			knownRegions = (
				en,
				Base,
			);
			mainGroup = D2FB32B91DC978820030E641;
			productRefGroup = D2FB32C31DC978820030E641 /* Products */;
			projectDirPath = "";
			projectRoot = "";
			targets = (
				D2FB32C11DC978820030E641 /* PokeFind */,
			);
		};
/* End PBXProject section */

/* Begin PBXResourcesBuildPhase section */
		D2FB32C01DC978820030E641 /* Resources */ = {
			isa = PBXResourcesBuildPhase;
			buildActionMask = 2147483647;
			files = (
				D2FB32D01DC978820030E641 /* LaunchScreen.storyboard in Resources */,
				D2FB32D81DC978960030E641 /* GoogleService-Info.plist in Resources */,
				D2FB32CD1DC978820030E641 /* Assets.xcassets in Resources */,
				D2FB32CB1DC978820030E641 /* Main.storyboard in Resources */,
			);
			runOnlyForDeploymentPostprocessing = 0;
		};
/* End PBXResourcesBuildPhase section */

/* Begin PBXShellScriptBuildPhase section */
		016A929B2F16E4A635A786AB /* [CP] Copy Pods Resources */ = {
			isa = PBXShellScriptBuildPhase;
			buildActionMask = 2147483647;
			files = (
			);
			inputPaths = (
			);
			name = "[CP] Copy Pods Resources";
			outputPaths = (
			);
			runOnlyForDeploymentPostprocessing = 0;
			shellPath = /bin/sh;
			shellScript = "\"${SRCROOT}/Pods/Target Support Files/Pods-PokeFind/Pods-PokeFind-resources.sh\"\n";
			showEnvVarsInLog = 0;
		};
		531DE4D67095C20767D38F5B /* [CP] Check Pods Manifest.lock */ = {
			isa = PBXShellScriptBuildPhase;
			buildActionMask = 2147483647;
			files = (
			);
			inputPaths = (
			);
			name = "[CP] Check Pods Manifest.lock";
			outputPaths = (
			);
			runOnlyForDeploymentPostprocessing = 0;
			shellPath = /bin/sh;
			shellScript = "diff \"${PODS_ROOT}/../Podfile.lock\" \"${PODS_ROOT}/Manifest.lock\" > /dev/null\nif [ $? != 0 ] ; then\n    # print error to STDERR\n    echo \"error: The sandbox is not in sync with the Podfile.lock. Run 'pod install' or update your CocoaPods installation.\" >&2\n    exit 1\nfi\n";
			showEnvVarsInLog = 0;
		};
		CB0262A43B7FCDBE3018DDA6 /* [CP] Embed Pods Frameworks */ = {
			isa = PBXShellScriptBuildPhase;
			buildActionMask = 2147483647;
			files = (
			);
			inputPaths = (
			);
			name = "[CP] Embed Pods Frameworks";
			outputPaths = (
			);
			runOnlyForDeploymentPostprocessing = 0;
			shellPath = /bin/sh;
			shellScript = "\"${SRCROOT}/Pods/Target Support Files/Pods-PokeFind/Pods-PokeFind-frameworks.sh\"\n";
			showEnvVarsInLog = 0;
		};
/* End PBXShellScriptBuildPhase section */

/* Begin PBXSourcesBuildPhase section */
		D2FB32BE1DC978820030E641 /* Sources */ = {
			isa = PBXSourcesBuildPhase;
			buildActionMask = 2147483647;
			files = (
				D298CAF51DC97B35009BBEDA /* GFBase32Utils.m in Sources */,
				D2A307A91DCADE6600012272 /* PokeAnnotation.swift in Sources */,
				D2FB32C81DC978820030E641 /* ViewController.swift in Sources */,
				D298CAF61DC97B35009BBEDA /* GFGeoHash.m in Sources */,
				D2FB32C61DC978820030E641 /* AppDelegate.swift in Sources */,
				D298CAF41DC97B35009BBEDA /* GeoFire.m in Sources */,
				D298CAF71DC97B35009BBEDA /* GFGeoHashQuery.m in Sources */,
				D298CAF81DC97B35009BBEDA /* GFQuery.m in Sources */,
			);
			runOnlyForDeploymentPostprocessing = 0;
		};
/* End PBXSourcesBuildPhase section */

/* Begin PBXVariantGroup section */
		D2FB32C91DC978820030E641 /* Main.storyboard */ = {
			isa = PBXVariantGroup;
			children = (
				D2FB32CA1DC978820030E641 /* Base */,
			);
			name = Main.storyboard;
			sourceTree = "<group>";
		};
		D2FB32CE1DC978820030E641 /* LaunchScreen.storyboard */ = {
			isa = PBXVariantGroup;
			children = (
				D2FB32CF1DC978820030E641 /* Base */,
			);
			name = LaunchScreen.storyboard;
			sourceTree = "<group>";
		};
/* End PBXVariantGroup section */

/* Begin XCBuildConfiguration section */
		D2FB32D21DC978820030E641 /* Debug */ = {
			isa = XCBuildConfiguration;
			buildSettings = {
				ALWAYS_SEARCH_USER_PATHS = NO;
				CLANG_ANALYZER_NONNULL = YES;
				CLANG_CXX_LANGUAGE_STANDARD = "gnu++0x";
				CLANG_CXX_LIBRARY = "libc++";
				CLANG_ENABLE_MODULES = YES;
				CLANG_ENABLE_OBJC_ARC = YES;
				CLANG_WARN_BOOL_CONVERSION = YES;
				CLANG_WARN_CONSTANT_CONVERSION = YES;
				CLANG_WARN_DIRECT_OBJC_ISA_USAGE = YES_ERROR;
				CLANG_WARN_DOCUMENTATION_COMMENTS = YES;
				CLANG_WARN_EMPTY_BODY = YES;
				CLANG_WARN_ENUM_CONVERSION = YES;
				CLANG_WARN_INFINITE_RECURSION = YES;
				CLANG_WARN_INT_CONVERSION = YES;
				CLANG_WARN_OBJC_ROOT_CLASS = YES_ERROR;
				CLANG_WARN_SUSPICIOUS_MOVES = YES;
				CLANG_WARN_UNREACHABLE_CODE = YES;
				CLANG_WARN__DUPLICATE_METHOD_MATCH = YES;
				"CODE_SIGN_IDENTITY[sdk=iphoneos*]" = "iPhone Developer";
				COPY_PHASE_STRIP = NO;
				DEBUG_INFORMATION_FORMAT = dwarf;
				ENABLE_STRICT_OBJC_MSGSEND = YES;
				ENABLE_TESTABILITY = YES;
				GCC_C_LANGUAGE_STANDARD = gnu99;
				GCC_DYNAMIC_NO_PIC = NO;
				GCC_NO_COMMON_BLOCKS = YES;
				GCC_OPTIMIZATION_LEVEL = 0;
				GCC_PREPROCESSOR_DEFINITIONS = (
					"DEBUG=1",
					"$(inherited)",
				);
				GCC_WARN_64_TO_32_BIT_CONVERSION = YES;
				GCC_WARN_ABOUT_RETURN_TYPE = YES_ERROR;
				GCC_WARN_UNDECLARED_SELECTOR = YES;
				GCC_WARN_UNINITIALIZED_AUTOS = YES_AGGRESSIVE;
				GCC_WARN_UNUSED_FUNCTION = YES;
				GCC_WARN_UNUSED_VARIABLE = YES;
				IPHONEOS_DEPLOYMENT_TARGET = 10.0;
				MTL_ENABLE_DEBUG_INFO = YES;
				ONLY_ACTIVE_ARCH = YES;
				SDKROOT = iphoneos;
				SWIFT_ACTIVE_COMPILATION_CONDITIONS = DEBUG;
				SWIFT_OPTIMIZATION_LEVEL = "-Onone";
				TARGETED_DEVICE_FAMILY = "1,2";
			};
			name = Debug;
		};
		D2FB32D31DC978820030E641 /* Release */ = {
			isa = XCBuildConfiguration;
			buildSettings = {
				ALWAYS_SEARCH_USER_PATHS = NO;
				CLANG_ANALYZER_NONNULL = YES;
				CLANG_CXX_LANGUAGE_STANDARD = "gnu++0x";
				CLANG_CXX_LIBRARY = "libc++";
				CLANG_ENABLE_MODULES = YES;
				CLANG_ENABLE_OBJC_ARC = YES;
				CLANG_WARN_BOOL_CONVERSION = YES;
				CLANG_WARN_CONSTANT_CONVERSION = YES;
				CLANG_WARN_DIRECT_OBJC_ISA_USAGE = YES_ERROR;
				CLANG_WARN_DOCUMENTATION_COMMENTS = YES;
				CLANG_WARN_EMPTY_BODY = YES;
				CLANG_WARN_ENUM_CONVERSION = YES;
				CLANG_WARN_INFINITE_RECURSION = YES;
				CLANG_WARN_INT_CONVERSION = YES;
				CLANG_WARN_OBJC_ROOT_CLASS = YES_ERROR;
				CLANG_WARN_SUSPICIOUS_MOVES = YES;
				CLANG_WARN_UNREACHABLE_CODE = YES;
				CLANG_WARN__DUPLICATE_METHOD_MATCH = YES;
				"CODE_SIGN_IDENTITY[sdk=iphoneos*]" = "iPhone Developer";
				COPY_PHASE_STRIP = NO;
				DEBUG_INFORMATION_FORMAT = "dwarf-with-dsym";
				ENABLE_NS_ASSERTIONS = NO;
				ENABLE_STRICT_OBJC_MSGSEND = YES;
				GCC_C_LANGUAGE_STANDARD = gnu99;
				GCC_NO_COMMON_BLOCKS = YES;
				GCC_WARN_64_TO_32_BIT_CONVERSION = YES;
				GCC_WARN_ABOUT_RETURN_TYPE = YES_ERROR;
				GCC_WARN_UNDECLARED_SELECTOR = YES;
				GCC_WARN_UNINITIALIZED_AUTOS = YES_AGGRESSIVE;
				GCC_WARN_UNUSED_FUNCTION = YES;
				GCC_WARN_UNUSED_VARIABLE = YES;
				IPHONEOS_DEPLOYMENT_TARGET = 10.0;
				MTL_ENABLE_DEBUG_INFO = NO;
				SDKROOT = iphoneos;
				SWIFT_OPTIMIZATION_LEVEL = "-Owholemodule";
				TARGETED_DEVICE_FAMILY = "1,2";
				VALIDATE_PRODUCT = YES;
			};
			name = Release;
		};
		D2FB32D51DC978820030E641 /* Debug */ = {
			isa = XCBuildConfiguration;
			baseConfigurationReference = 7F633404DDAB2A7A2D944CED /* Pods-PokeFind.debug.xcconfig */;
			buildSettings = {
				ASSETCATALOG_COMPILER_APPICON_NAME = AppIcon;
				DEVELOPMENT_TEAM = PMJPZ62L4B;
				INFOPLIST_FILE = PokeFind/Info.plist;
				LD_RUNPATH_SEARCH_PATHS = "$(inherited) @executable_path/Frameworks";
				PRODUCT_BUNDLE_IDENTIFIER = ubc.m6x9a.PokeFind;
				PRODUCT_NAME = "$(TARGET_NAME)";
				SWIFT_OBJC_BRIDGING_HEADER = "PokeFind/PokeFinder-Brdiging-Header.h";
				SWIFT_VERSION = 3.0;
			};
			name = Debug;
		};
		D2FB32D61DC978820030E641 /* Release */ = {
			isa = XCBuildConfiguration;
			baseConfigurationReference = B50C002291F2E54E8B3AE7B8 /* Pods-PokeFind.release.xcconfig */;
			buildSettings = {
				ASSETCATALOG_COMPILER_APPICON_NAME = AppIcon;
				DEVELOPMENT_TEAM = PMJPZ62L4B;
				INFOPLIST_FILE = PokeFind/Info.plist;
				LD_RUNPATH_SEARCH_PATHS = "$(inherited) @executable_path/Frameworks";
				PRODUCT_BUNDLE_IDENTIFIER = ubc.m6x9a.PokeFind;
				PRODUCT_NAME = "$(TARGET_NAME)";
				SWIFT_OBJC_BRIDGING_HEADER = "PokeFind/PokeFinder-Brdiging-Header.h";
				SWIFT_VERSION = 3.0;
			};
			name = Release;
		};
/* End XCBuildConfiguration section */

/* Begin XCConfigurationList section */
		D2FB32BD1DC978820030E641 /* Build configuration list for PBXProject "PokeFind" */ = {
			isa = XCConfigurationList;
			buildConfigurations = (
				D2FB32D21DC978820030E641 /* Debug */,
				D2FB32D31DC978820030E641 /* Release */,
			);
			defaultConfigurationIsVisible = 0;
			defaultConfigurationName = Release;
		};
		D2FB32D41DC978820030E641 /* Build configuration list for PBXNativeTarget "PokeFind" */ = {
			isa = XCConfigurationList;
			buildConfigurations = (
				D2FB32D51DC978820030E641 /* Debug */,
				D2FB32D61DC978820030E641 /* Release */,
			);
			defaultConfigurationIsVisible = 0;
			defaultConfigurationName = Release;
		};
/* End XCConfigurationList section */
	};
	rootObject = D2FB32BA1DC978820030E641 /* Project object */;
}
